
Microsoft Visual Studio Solution File, Format Version 12.00
# Visual Studio Version 17
VisualStudioVersion = 17.8.34525.116
MinimumVisualStudioVersion = 10.0.40219.1
Project("{FAE04EC0-301F-11D3-BF4B-00C04F79EFBC}") = "Lab4", "LAB4OOP\Lab4.csproj", "{27003E83-9D9F-4DCC-9C73-E23571D9ECD3}"
EndProject
Global
	GlobalSection(SolutionConfigurationPlatforms) = preSolution
		Debug|Any CPU = Debug|Any CPU
		Release|Any CPU = Release|Any CPU
	EndGlobalSection
	GlobalSection(ProjectConfigurationPlatforms) = postSolution
		{27003E83-9D9F-4DCC-9C73-E23571D9ECD3}.Debug|Any CPU.ActiveCfg = Debug|Any CPU
		{27003E83-9D9F-4DCC-9C73-E23571D9ECD3}.Debug|Any CPU.Build.0 = Debug|Any CPU
		{27003E83-9D9F-4DCC-9C73-E23571D9ECD3}.Release|Any CPU.ActiveCfg = Release|Any CPU
		{27003E83-9D9F-4DCC-9C73-E23571D9ECD3}.Release|Any CPU.Build.0 = Release|Any CPU
	EndGlobalSection
	GlobalSection(SolutionProperties) = preSolution
		HideSolutionNode = FALSE
	EndGlobalSection
	GlobalSection(ExtensibilityGlobals) = postSolution
		SolutionGuid = {6BEA3C2C-C1BE-4B1B-83DB-AC15F0DDF642}
	EndGlobalSection
EndGlobal
